# @generated by Move, please check-in and do not edit manually.

[move]
version = 3
manifest_digest = "640A610F6CD9B44806F7C8EB86BC8AEDC104255CC73151A3150E692F99FD821E"
deps_digest = "F8BBB0CCB2491CA29A3DF03D6F92277A4F3574266507ACD77214D37ECA3F3082"
dependencies = [
  { id = "Sui", name = "Sui" },
]

[[move.package]]
id = "MoveStdlib"
source = { git = "https://github.com/MystenLabs/sui.git", rev = "framework/testnet", subdir = "crates/sui-framework/packages/move-stdlib" }

[[move.package]]
id = "Sui"
source = { git = "https://github.com/MystenLabs/sui.git", rev = "framework/testnet", subdir = "crates/sui-framework/packages/sui-framework" }

dependencies = [
  { id = "MoveStdlib", name = "MoveStdlib" },
]

[move.toolchain-version]
compiler-version = "1.60.0"
edition = "2024.beta"
flavor = "sui"

[env]

[env.devnet]
chain-id = "7f81d47e"
original-published-id = "0xb57948ccd942ea47c535df5ea651ab233f0ac93fa7354e7706063594d2d84e9b"
latest-published-id = "0xb57948ccd942ea47c535df5ea651ab233f0ac93fa7354e7706063594d2d84e9b"
published-version = "1"
